
Microsoft Visual Studio Solution File, Format Version 12.00
# Visual Studio 15
VisualStudioVersion = 15.0.28307.1705
MinimumVisualStudioVersion = 10.0.40219.1
Project("{8BC9CEB8-8B4A-11D0-8D11-00A0C91BC942}") = "p.5", "p.5\p.5.vcxproj", "{08410D05-E94E-4C83-BA1B-1A54BEC2E227}"
EndProject
Global
	GlobalSection(SolutionConfigurationPlatforms) = preSolution
		Debug|x64 = Debug|x64
		Debug|x86 = Debug|x86
		Release|x64 = Release|x64
		Release|x86 = Release|x86
	EndGlobalSection
	GlobalSection(ProjectConfigurationPlatforms) = postSolution
		{08410D05-E94E-4C83-BA1B-1A54BEC2E227}.Debug|x64.ActiveCfg = Debug|x64
		{08410D05-E94E-4C83-BA1B-1A54BEC2E227}.Debug|x64.Build.0 = Debug|x64
		{08410D05-E94E-4C83-BA1B-1A54BEC2E227}.Debug|x86.ActiveCfg = Debug|Win32
		{08410D05-E94E-4C83-BA1B-1A54BEC2E227}.Debug|x86.Build.0 = Debug|Win32
		{08410D05-E94E-4C83-BA1B-1A54BEC2E227}.Release|x64.ActiveCfg = Release|x64
		{08410D05-E94E-4C83-BA1B-1A54BEC2E227}.Release|x64.Build.0 = Release|x64
		{08410D05-E94E-4C83-BA1B-1A54BEC2E227}.Release|x86.ActiveCfg = Release|Win32
		{08410D05-E94E-4C83-BA1B-1A54BEC2E227}.Release|x86.Build.0 = Release|Win32
	EndGlobalSection
	GlobalSection(SolutionProperties) = preSolution
		HideSolutionNode = FALSE
	EndGlobalSection
	GlobalSection(ExtensibilityGlobals) = postSolution
		SolutionGuid = {BF7B7EE4-7829-4CD9-952F-E1BE7D749114}
	EndGlobalSection
EndGlobal
